<?xml version="1.0" encoding="utf-8"?>
<Project ToolsVersion="4.0" xmlns="http://schemas.microsoft.com/developer/msbuild/2003">
  <ItemGroup>
    <Filter Include="Kernel">
      <UniqueIdentifier>{d32ba9a7-df94-43fc-aa7b-0415150bcd05}</UniqueIdentifier>
    </Filter>
    <Filter Include="Core">
      <UniqueIdentifier>{a3babfe0-ad0a-49f0-a264-9a75d1727c85}</UniqueIdentifier>
    </Filter>
    <Filter Include="Core\memory">
      <UniqueIdentifier>{3f51ac72-c207-4924-b1fd-cd0881f7903b}</UniqueIdentifier>
    </Filter>
    <Filter Include="Details">
      <UniqueIdentifier>{e22e9816-1ff1-4940-b9aa-4563ce309b7e}</UniqueIdentifier>
    </Filter>
    <Filter Include="Stripifier">
      <UniqueIdentifier>{59fdf3b9-ca17-4d77-af37-2c0187b42344}</UniqueIdentifier>
    </Filter>
    <Filter Include="Lights">
      <UniqueIdentifier>{8ff07ef8-1551-4b40-8256-171d34d8ff27}</UniqueIdentifier>
    </Filter>
    <Filter Include="Glows">
      <UniqueIdentifier>{bac79c47-f96f-4795-9435-c7d1513f4751}</UniqueIdentifier>
    </Filter>
    <Filter Include="Wallmarks">
      <UniqueIdentifier>{f153f910-d874-4697-9649-cd8835fcdb3a}</UniqueIdentifier>
    </Filter>
    <Filter Include="Shading templates">
      <UniqueIdentifier>{dc2d2294-0cde-4a13-86f4-34b172096cd9}</UniqueIdentifier>
    </Filter>
    <Filter Include="Shading templates\R1">
      <UniqueIdentifier>{b003962f-413e-451d-a955-0a22b82ff45c}</UniqueIdentifier>
    </Filter>
    <Filter Include="Models">
      <UniqueIdentifier>{10c5a502-48bc-4e43-8f17-ea445737e569}</UniqueIdentifier>
    </Filter>
    <Filter Include="Models\Visuals">
      <UniqueIdentifier>{79eea9d9-9122-438c-8fb3-8dd1b7ef7208}</UniqueIdentifier>
    </Filter>
    <Filter Include="Visibility">
      <UniqueIdentifier>{7b53e021-d6de-4910-87f6-c4e8541575c6}</UniqueIdentifier>
    </Filter>
    <Filter Include="Visibility\Sector/Portal">
      <UniqueIdentifier>{80a25041-5a6c-4a6a-8e6f-05f955b44400}</UniqueIdentifier>
    </Filter>
    <Filter Include="Visibility\HOM Occlusion">
      <UniqueIdentifier>{85191b64-5504-4070-b196-7e5f7385b797}</UniqueIdentifier>
    </Filter>
    <Filter Include="Core_Target">
      <UniqueIdentifier>{352494ef-1cbc-401e-b499-24d738a7a70b}</UniqueIdentifier>
    </Filter>
  </ItemGroup>
  <ItemGroup>
    <ClInclude Include="cl_intersect.h">
      <Filter>Kernel</Filter>
    </ClInclude>
    <ClInclude Include="stdafx.h">
      <Filter>Kernel</Filter>
    </ClInclude>
    <ClInclude Include="xrRender_console.h">
      <Filter>Kernel</Filter>
    </ClInclude>
    <ClInclude Include="PSLibrary.h">
      <Filter>Core</Filter>
    </ClInclude>
    <ClInclude Include="r2.h">
      <Filter>Core</Filter>
    </ClInclude>
    <ClInclude Include="r2_types.h">
      <Filter>Core</Filter>
    </ClInclude>
    <ClInclude Include="r__dsgraph_structure.h">
      <Filter>Core</Filter>
    </ClInclude>
    <ClInclude Include="r__dsgraph_types.h">
      <Filter>Core</Filter>
    </ClInclude>
    <ClInclude Include="r__occlusion.h">
      <Filter>Core</Filter>
    </ClInclude>
    <ClInclude Include="r__pixel_calculator.h">
      <Filter>Core</Filter>
    </ClInclude>
    <ClInclude Include="doug_lea_memory_allocator.h">
      <Filter>Core\memory</Filter>
    </ClInclude>
    <ClInclude Include="DetailFormat.h">
      <Filter>Details</Filter>
    </ClInclude>
    <ClInclude Include="DetailManager.h">
      <Filter>Details</Filter>
    </ClInclude>
    <ClInclude Include="DetailModel.h">
      <Filter>Details</Filter>
    </ClInclude>
    <ClInclude Include="NvTriStrip.h">
      <Filter>Stripifier</Filter>
    </ClInclude>
    <ClInclude Include="NvTriStripObjects.h">
      <Filter>Stripifier</Filter>
    </ClInclude>
    <ClInclude Include="VertexCache.h">
      <Filter>Stripifier</Filter>
    </ClInclude>
    <ClInclude Include="xrStripify.h">
      <Filter>Stripifier</Filter>
    </ClInclude>
    <ClInclude Include="light.h">
      <Filter>Lights</Filter>
    </ClInclude>
    <ClInclude Include="Light_DB.h">
      <Filter>Lights</Filter>
    </ClInclude>
    <ClInclude Include="light_gi.h">
      <Filter>Lights</Filter>
    </ClInclude>
    <ClInclude Include="Light_Package.h">
      <Filter>Lights</Filter>
    </ClInclude>
    <ClInclude Include="Light_Render_Direct.h">
      <Filter>Lights</Filter>
    </ClInclude>
    <ClInclude Include="light_smapvis.h">
      <Filter>Lights</Filter>
    </ClInclude>
    <ClInclude Include="LightTrack.h">
      <Filter>Lights</Filter>
    </ClInclude>
    <ClInclude Include="SMAP_Allocator.h">
      <Filter>Lights</Filter>
    </ClInclude>
    <ClInclude Include="WallmarksEngine.h">
      <Filter>Wallmarks</Filter>
    </ClInclude>
    <ClInclude Include="blender_bloom_build.h">
      <Filter>Shading templates</Filter>
    </ClInclude>
    <ClInclude Include="Blender_BmmD.h">
      <Filter>Shading templates</Filter>
    </ClInclude>
    <ClInclude Include="blender_combine.h">
      <Filter>Shading templates</Filter>
    </ClInclude>
    <ClInclude Include="blender_deffer_aref.h">
      <Filter>Shading templates</Filter>
    </ClInclude>
    <ClInclude Include="blender_deffer_flat.h">
      <Filter>Shading templates</Filter>
    </ClInclude>
    <ClInclude Include="blender_deffer_model.h">
      <Filter>Shading templates</Filter>
    </ClInclude>
    <ClInclude Include="Blender_Editor_Selection.h">
      <Filter>Shading templates</Filter>
    </ClInclude>
    <ClInclude Include="Blender_Editor_Wire.h">
      <Filter>Shading templates</Filter>
    </ClInclude>
    <ClInclude Include="blender_light_direct.h">
      <Filter>Shading templates</Filter>
    </ClInclude>
    <ClInclude Include="blender_light_mask.h">
      <Filter>Shading templates</Filter>
    </ClInclude>
    <ClInclude Include="blender_light_occq.h">
      <Filter>Shading templates</Filter>
    </ClInclude>
    <ClInclude Include="blender_light_point.h">
      <Filter>Shading templates</Filter>
    </ClInclude>
    <ClInclude Include="blender_light_reflected.h">
      <Filter>Shading templates</Filter>
    </ClInclude>
    <ClInclude Include="blender_light_spot.h">
      <Filter>Shading templates</Filter>
    </ClInclude>
    <ClInclude Include="blender_luminance.h">
      <Filter>Shading templates</Filter>
    </ClInclude>
    <ClInclude Include="Blender_Particle.h">
      <Filter>Shading templates</Filter>
    </ClInclude>
    <ClInclude Include="uber_deffer.h">
      <Filter>Shading templates</Filter>
    </ClInclude>
    <ClInclude Include="Blender_detail_still.h">
      <Filter>Shading templates\R1</Filter>
    </ClInclude>
    <ClInclude Include="Blender_Lm(EbB).h">
      <Filter>Shading templates\R1</Filter>
    </ClInclude>
    <ClInclude Include="Blender_Model_EbB.h">
      <Filter>Shading templates\R1</Filter>
    </ClInclude>
    <ClInclude Include="Blender_Screen_SET.h">
      <Filter>Shading templates\R1</Filter>
    </ClInclude>
    <ClInclude Include="Blender_tree.h">
      <Filter>Shading templates\R1</Filter>
    </ClInclude>
    <ClInclude Include="ModelPool.h">
      <Filter>Models</Filter>
    </ClInclude>
    <ClInclude Include="FLOD.h">
      <Filter>Models\Visuals</Filter>
    </ClInclude>
    <ClInclude Include="FProgressive.h">
      <Filter>Models\Visuals</Filter>
    </ClInclude>
    <ClInclude Include="FSkinned.h">
      <Filter>Models\Visuals</Filter>
    </ClInclude>
    <ClInclude Include="FTreeVisual.h">
      <Filter>Models\Visuals</Filter>
    </ClInclude>
    <ClInclude Include="FVisual.h">
      <Filter>Models\Visuals</Filter>
    </ClInclude>
    <ClInclude Include="ParticleEffect.h">
      <Filter>Models\Visuals</Filter>
    </ClInclude>
    <ClInclude Include="ParticleEffectDef.h">
      <Filter>Models\Visuals</Filter>
    </ClInclude>
    <ClInclude Include="ParticleGroup.h">
      <Filter>Models\Visuals</Filter>
    </ClInclude>
    <ClInclude Include="r__sector.h">
      <Filter>Visibility\Sector/Portal</Filter>
    </ClInclude>
    <ClInclude Include="HOM.h">
      <Filter>Visibility\HOM Occlusion</Filter>
    </ClInclude>
    <ClInclude Include="occRasterizer.h">
      <Filter>Visibility\HOM Occlusion</Filter>
    </ClInclude>
    <ClInclude Include="du_sphere_part.h">
      <Filter>Core_Target</Filter>
    </ClInclude>
    <ClInclude Include="r2_rendertarget.h">
      <Filter>Core_Target</Filter>
    </ClInclude>
    <ClInclude Include="r2_rendertarget_wallmarks.h">
      <Filter>Core_Target</Filter>
    </ClInclude>
  </ItemGroup>
  <ItemGroup>
    <ClCompile Include="stdafx.cpp">
      <Filter>Kernel</Filter>
    </ClCompile>
    <ClCompile Include="xrRender_console.cpp">
      <Filter>Kernel</Filter>
    </ClCompile>
    <ClCompile Include="xrRender_R2.cpp">
      <Filter>Kernel</Filter>
    </ClCompile>
    <ClCompile Include="PSLibrary.cpp">
      <Filter>Core</Filter>
    </ClCompile>
    <ClCompile Include="r2.cpp">
      <Filter>Core</Filter>
    </ClCompile>
    <ClCompile Include="r2_blenders.cpp">
      <Filter>Core</Filter>
    </ClCompile>
    <ClCompile Include="r2_loader.cpp">
      <Filter>Core</Filter>
    </ClCompile>
    <ClCompile Include="r2_R_calculate.cpp">
      <Filter>Core</Filter>
    </ClCompile>
    <ClCompile Include="r2_R_lights.cpp">
      <Filter>Core</Filter>
    </ClCompile>
    <ClCompile Include="r2_R_render.cpp">
      <Filter>Core</Filter>
    </ClCompile>
    <ClCompile Include="r2_R_sun.cpp">
      <Filter>Core</Filter>
    </ClCompile>
    <ClCompile Include="r2_sector_detect.cpp">
      <Filter>Core</Filter>
    </ClCompile>
    <ClCompile Include="r2_test_hw.cpp">
      <Filter>Core</Filter>
    </ClCompile>
    <ClCompile Include="r__dsgraph_build.cpp">
      <Filter>Core</Filter>
    </ClCompile>
    <ClCompile Include="r__dsgraph_render.cpp">
      <Filter>Core</Filter>
    </ClCompile>
    <ClCompile Include="r__dsgraph_render_lods.cpp">
      <Filter>Core</Filter>
    </ClCompile>
    <ClCompile Include="r__occlusion.cpp">
      <Filter>Core</Filter>
    </ClCompile>
    <ClCompile Include="r__pixel_calculator.cpp">
      <Filter>Core</Filter>
    </ClCompile>
    <ClCompile Include="r__screenshot.cpp">
      <Filter>Core</Filter>
    </ClCompile>
    <ClCompile Include="Texture.cpp">
      <Filter>Core</Filter>
    </ClCompile>
    <ClCompile Include="doug_lea_memory_allocator.c">
      <Filter>Core\memory</Filter>
    </ClCompile>
    <ClCompile Include="DetailManager.cpp">
      <Filter>Details</Filter>
    </ClCompile>
    <ClCompile Include="DetailManager_CACHE.cpp">
      <Filter>Details</Filter>
    </ClCompile>
    <ClCompile Include="DetailManager_Decompress.cpp">
      <Filter>Details</Filter>
    </ClCompile>
    <ClCompile Include="DetailManager_soft.cpp">
      <Filter>Details</Filter>
    </ClCompile>
    <ClCompile Include="DetailManager_VS.cpp">
      <Filter>Details</Filter>
    </ClCompile>
    <ClCompile Include="DetailModel.cpp">
      <Filter>Details</Filter>
    </ClCompile>
    <ClCompile Include="NvTriStrip.cpp">
      <Filter>Stripifier</Filter>
    </ClCompile>
    <ClCompile Include="NvTriStripObjects.cpp">
      <Filter>Stripifier</Filter>
    </ClCompile>
    <ClCompile Include="VertexCache.cpp">
      <Filter>Stripifier</Filter>
    </ClCompile>
    <ClCompile Include="xrStripify.cpp">
      <Filter>Stripifier</Filter>
    </ClCompile>
    <ClCompile Include="light.cpp">
      <Filter>Lights</Filter>
    </ClCompile>
    <ClCompile Include="Light_DB.cpp">
      <Filter>Lights</Filter>
    </ClCompile>
    <ClCompile Include="light_GI.cpp">
      <Filter>Lights</Filter>
    </ClCompile>
    <ClCompile Include="Light_Package.cpp">
      <Filter>Lights</Filter>
    </ClCompile>
    <ClCompile Include="Light_Render_Direct.cpp">
      <Filter>Lights</Filter>
    </ClCompile>
    <ClCompile Include="Light_Render_Direct_ComputeXFS.cpp">
      <Filter>Lights</Filter>
    </ClCompile>
    <ClCompile Include="light_smapvis.cpp">
      <Filter>Lights</Filter>
    </ClCompile>
    <ClCompile Include="light_vis.cpp">
      <Filter>Lights</Filter>
    </ClCompile>
    <ClCompile Include="LightTrack.cpp">
      <Filter>Lights</Filter>
    </ClCompile>
    <ClCompile Include="WallmarksEngine.cpp">
      <Filter>Wallmarks</Filter>
    </ClCompile>
    <ClCompile Include="blender_bloom_build.cpp">
      <Filter>Shading templates</Filter>
    </ClCompile>
    <ClCompile Include="Blender_BmmD.cpp">
      <Filter>Shading templates</Filter>
    </ClCompile>
    <ClCompile Include="blender_combine.cpp">
      <Filter>Shading templates</Filter>
    </ClCompile>
    <ClCompile Include="blender_deffer_aref.cpp">
      <Filter>Shading templates</Filter>
    </ClCompile>
    <ClCompile Include="blender_deffer_flat.cpp">
      <Filter>Shading templates</Filter>
    </ClCompile>
    <ClCompile Include="blender_deffer_model.cpp">
      <Filter>Shading templates</Filter>
    </ClCompile>
    <ClCompile Include="Blender_Editor_Selection.cpp">
      <Filter>Shading templates</Filter>
    </ClCompile>
    <ClCompile Include="Blender_Editor_Wire.cpp">
      <Filter>Shading templates</Filter>
    </ClCompile>
    <ClCompile Include="blender_light_direct.cpp">
      <Filter>Shading templates</Filter>
    </ClCompile>
    <ClCompile Include="blender_light_mask.cpp">
      <Filter>Shading templates</Filter>
    </ClCompile>
    <ClCompile Include="blender_light_occq.cpp">
      <Filter>Shading templates</Filter>
    </ClCompile>
    <ClCompile Include="blender_light_point.cpp">
      <Filter>Shading templates</Filter>
    </ClCompile>
    <ClCompile Include="blender_light_reflected.cpp">
      <Filter>Shading templates</Filter>
    </ClCompile>
    <ClCompile Include="blender_light_spot.cpp">
      <Filter>Shading templates</Filter>
    </ClCompile>
    <ClCompile Include="blender_luminance.cpp">
      <Filter>Shading templates</Filter>
    </ClCompile>
    <ClCompile Include="Blender_Particle.cpp">
      <Filter>Shading templates</Filter>
    </ClCompile>
    <ClCompile Include="uber_deffer.cpp">
      <Filter>Shading templates</Filter>
    </ClCompile>
    <ClCompile Include="Blender_detail_still.cpp">
      <Filter>Shading templates\R1</Filter>
    </ClCompile>
    <ClCompile Include="Blender_Lm(EbB).cpp">
      <Filter>Shading templates\R1</Filter>
    </ClCompile>
    <ClCompile Include="Blender_Model_EbB.cpp">
      <Filter>Shading templates\R1</Filter>
    </ClCompile>
    <ClCompile Include="Blender_Screen_SET.cpp">
      <Filter>Shading templates\R1</Filter>
    </ClCompile>
    <ClCompile Include="Blender_tree.cpp">
      <Filter>Shading templates\R1</Filter>
    </ClCompile>
    <ClCompile Include="ModelPool.cpp">
      <Filter>Models</Filter>
    </ClCompile>
    <ClCompile Include="FLOD.cpp">
      <Filter>Models\Visuals</Filter>
    </ClCompile>
    <ClCompile Include="FProgressive.cpp">
      <Filter>Models\Visuals</Filter>
    </ClCompile>
    <ClCompile Include="FSkinned.cpp">
      <Filter>Models\Visuals</Filter>
    </ClCompile>
    <ClCompile Include="FTreeVisual.cpp">
      <Filter>Models\Visuals</Filter>
    </ClCompile>
    <ClCompile Include="FVisual.cpp">
      <Filter>Models\Visuals</Filter>
    </ClCompile>
    <ClCompile Include="ParticleEffect.cpp">
      <Filter>Models\Visuals</Filter>
    </ClCompile>
    <ClCompile Include="ParticleEffectDef.cpp">
      <Filter>Models\Visuals</Filter>
    </ClCompile>
    <ClCompile Include="ParticleGroup.cpp">
      <Filter>Models\Visuals</Filter>
    </ClCompile>
    <ClCompile Include="r__sector.cpp">
      <Filter>Visibility\Sector/Portal</Filter>
    </ClCompile>
    <ClCompile Include="r__sector_traversal.cpp">
      <Filter>Visibility\Sector/Portal</Filter>
    </ClCompile>
    <ClCompile Include="HOM.cpp">
      <Filter>Visibility\HOM Occlusion</Filter>
    </ClCompile>
    <ClCompile Include="occRasterizer.cpp">
      <Filter>Visibility\HOM Occlusion</Filter>
    </ClCompile>
    <ClCompile Include="occRasterizer_core.cpp">
      <Filter>Visibility\HOM Occlusion</Filter>
    </ClCompile>
    <ClCompile Include="du_sphere_part.cpp">
      <Filter>Core_Target</Filter>
    </ClCompile>
    <ClCompile Include="r2_rendertarget.cpp">
      <Filter>Core_Target</Filter>
    </ClCompile>
    <ClCompile Include="r2_rendertarget_accum_direct.cpp">
      <Filter>Core_Target</Filter>
    </ClCompile>
    <ClCompile Include="r2_rendertarget_accum_omnipart_geom.cpp">
      <Filter>Core_Target</Filter>
    </ClCompile>
    <ClCompile Include="r2_rendertarget_accum_point.cpp">
      <Filter>Core_Target</Filter>
    </ClCompile>
    <ClCompile Include="r2_rendertarget_accum_point_geom.cpp">
      <Filter>Core_Target</Filter>
    </ClCompile>
    <ClCompile Include="r2_rendertarget_accum_reflected.cpp">
      <Filter>Core_Target</Filter>
    </ClCompile>
    <ClCompile Include="r2_rendertarget_accum_spot.cpp">
      <Filter>Core_Target</Filter>
    </ClCompile>
    <ClCompile Include="r2_rendertarget_accum_spot_geom.cpp">
      <Filter>Core_Target</Filter>
    </ClCompile>
    <ClCompile Include="r2_rendertarget_draw_volume.cpp">
      <Filter>Core_Target</Filter>
    </ClCompile>
    <ClCompile Include="r2_rendertarget_enable_scissor.cpp">
      <Filter>Core_Target</Filter>
    </ClCompile>
    <ClCompile Include="r2_rendertarget_phase_accumulator.cpp">
      <Filter>Core_Target</Filter>
    </ClCompile>
    <ClCompile Include="r2_rendertarget_phase_bloom.cpp">
      <Filter>Core_Target</Filter>
    </ClCompile>
    <ClCompile Include="r2_rendertarget_phase_combine.cpp">
      <Filter>Core_Target</Filter>
    </ClCompile>
    <ClCompile Include="r2_rendertarget_phase_luminance.cpp">
      <Filter>Core_Target</Filter>
    </ClCompile>
    <ClCompile Include="r2_rendertarget_phase_occq.cpp">
      <Filter>Core_Target</Filter>
    </ClCompile>
    <ClCompile Include="r2_rendertarget_phase_PP.cpp">
      <Filter>Core_Target</Filter>
    </ClCompile>
    <ClCompile Include="r2_rendertarget_phase_scene.cpp">
      <Filter>Core_Target</Filter>
    </ClCompile>
    <ClCompile Include="r2_rendertarget_phase_smap_D.cpp">
      <Filter>Core_Target</Filter>
    </ClCompile>
    <ClCompile Include="r2_rendertarget_phase_smap_S.cpp">
      <Filter>Core_Target</Filter>
    </ClCompile>
  </ItemGroup>
  <ItemGroup>
    <None Include="todo.txt" />
  </ItemGroup>
</Project>